
Microsoft Visual Studio Solution File, Format Version 12.00
# Visual Studio 2012
Project("{FAE04EC0-301F-11D3-BF4B-00C04F79EFBC}") = "EBudget", "EBudget\EBudget.csproj", "{7F8AD84E-B436-499A-9244-B31F1B7F9664}"
EndProject
Project("{FAE04EC0-301F-11D3-BF4B-00C04F79EFBC}") = "Test", "Test\Test.csproj", "{28D3E3CF-E2CC-4713-A8D5-F42C40F98202}"
EndProject
Global
	GlobalSection(TeamFoundationVersionControl) = preSolution
		SccNumberOfProjects = 3
		SccEnterpriseProvider = {4CA58AB2-18FA-4F8D-95D4-32DDF27D184C}
		SccTeamFoundationServer = https://pra15iptim1.visualstudio.com/defaultcollection
		SccLocalPath0 = .
		SccProjectUniqueName1 = EBudget\\EBudget.csproj
		SccProjectName1 = EBudget
		SccLocalPath1 = EBudget
		SccProjectUniqueName2 = Test\\Test.csproj
		SccProjectName2 = Test
		SccLocalPath2 = Test
	EndGlobalSection
	GlobalSection(SolutionConfigurationPlatforms) = preSolution
		Debug|Any CPU = Debug|Any CPU
		Release|Any CPU = Release|Any CPU
	EndGlobalSection
	GlobalSection(ProjectConfigurationPlatforms) = postSolution
		{7F8AD84E-B436-499A-9244-B31F1B7F9664}.Debug|Any CPU.ActiveCfg = Debug|Any CPU
		{7F8AD84E-B436-499A-9244-B31F1B7F9664}.Debug|Any CPU.Build.0 = Debug|Any CPU
		{7F8AD84E-B436-499A-9244-B31F1B7F9664}.Release|Any CPU.ActiveCfg = Release|Any CPU
		{7F8AD84E-B436-499A-9244-B31F1B7F9664}.Release|Any CPU.Build.0 = Release|Any CPU
		{28D3E3CF-E2CC-4713-A8D5-F42C40F98202}.Debug|Any CPU.ActiveCfg = Debug|Any CPU
		{28D3E3CF-E2CC-4713-A8D5-F42C40F98202}.Debug|Any CPU.Build.0 = Debug|Any CPU
		{28D3E3CF-E2CC-4713-A8D5-F42C40F98202}.Release|Any CPU.ActiveCfg = Release|Any CPU
		{28D3E3CF-E2CC-4713-A8D5-F42C40F98202}.Release|Any CPU.Build.0 = Release|Any CPU
	EndGlobalSection
	GlobalSection(SolutionProperties) = preSolution
		HideSolutionNode = FALSE
	EndGlobalSection
EndGlobal
