
Microsoft Visual Studio Solution File, Format Version 12.00
# Visual Studio 14
VisualStudioVersion = 14.0.25420.1
MinimumVisualStudioVersion = 10.0.40219.1
Project("{FAE04EC0-301F-11D3-BF4B-00C04F79EFBC}") = "Knockout_EF", "Knockout_EF\Knockout_EF.csproj", "{24D97A28-1163-475F-AE9C-A11CE0A52A54}"
EndProject
Project("{2150E333-8FDC-42A3-9474-1A3956D46DE8}") = "DataAccessLayer", "DataAccessLayer", "{BCB6446B-20DF-4CD1-8525-E3A8BA7FC846}"
EndProject
Project("{FAE04EC0-301F-11D3-BF4B-00C04F79EFBC}") = "Knockout.Repository.EF", "Knockout.Repository.EF\Knockout.Repository.EF.csproj", "{E3CCC595-11D5-4118-A307-A1768E7928F1}"
EndProject
Project("{2150E333-8FDC-42A3-9474-1A3956D46DE8}") = "ServiceLayer", "ServiceLayer", "{009F5E0B-9084-425B-AE6D-F1E91D717EE2}"
EndProject
Project("{FAE04EC0-301F-11D3-BF4B-00C04F79EFBC}") = "KnockoutServices", "KnockoutServices\KnockoutServices.csproj", "{DBB062AB-F786-4195-AC11-4AD2FDA03420}"
EndProject
Project("{FAE04EC0-301F-11D3-BF4B-00C04F79EFBC}") = "Knockout.DataService", "Knockout.DataService\Knockout.DataService.csproj", "{6C83AF05-4E70-4970-BA3D-EF56B1AAA8FA}"
EndProject
Global
	GlobalSection(SolutionConfigurationPlatforms) = preSolution
		Debug|Any CPU = Debug|Any CPU
		Release|Any CPU = Release|Any CPU
	EndGlobalSection
	GlobalSection(ProjectConfigurationPlatforms) = postSolution
		{24D97A28-1163-475F-AE9C-A11CE0A52A54}.Debug|Any CPU.ActiveCfg = Debug|Any CPU
		{24D97A28-1163-475F-AE9C-A11CE0A52A54}.Debug|Any CPU.Build.0 = Debug|Any CPU
		{24D97A28-1163-475F-AE9C-A11CE0A52A54}.Release|Any CPU.ActiveCfg = Release|Any CPU
		{24D97A28-1163-475F-AE9C-A11CE0A52A54}.Release|Any CPU.Build.0 = Release|Any CPU
		{E3CCC595-11D5-4118-A307-A1768E7928F1}.Debug|Any CPU.ActiveCfg = Debug|Any CPU
		{E3CCC595-11D5-4118-A307-A1768E7928F1}.Debug|Any CPU.Build.0 = Debug|Any CPU
		{E3CCC595-11D5-4118-A307-A1768E7928F1}.Release|Any CPU.ActiveCfg = Release|Any CPU
		{E3CCC595-11D5-4118-A307-A1768E7928F1}.Release|Any CPU.Build.0 = Release|Any CPU
		{DBB062AB-F786-4195-AC11-4AD2FDA03420}.Debug|Any CPU.ActiveCfg = Debug|Any CPU
		{DBB062AB-F786-4195-AC11-4AD2FDA03420}.Debug|Any CPU.Build.0 = Debug|Any CPU
		{DBB062AB-F786-4195-AC11-4AD2FDA03420}.Release|Any CPU.ActiveCfg = Release|Any CPU
		{DBB062AB-F786-4195-AC11-4AD2FDA03420}.Release|Any CPU.Build.0 = Release|Any CPU
		{6C83AF05-4E70-4970-BA3D-EF56B1AAA8FA}.Debug|Any CPU.ActiveCfg = Debug|Any CPU
		{6C83AF05-4E70-4970-BA3D-EF56B1AAA8FA}.Debug|Any CPU.Build.0 = Debug|Any CPU
		{6C83AF05-4E70-4970-BA3D-EF56B1AAA8FA}.Release|Any CPU.ActiveCfg = Release|Any CPU
		{6C83AF05-4E70-4970-BA3D-EF56B1AAA8FA}.Release|Any CPU.Build.0 = Release|Any CPU
	EndGlobalSection
	GlobalSection(SolutionProperties) = preSolution
		HideSolutionNode = FALSE
	EndGlobalSection
	GlobalSection(NestedProjects) = preSolution
		{E3CCC595-11D5-4118-A307-A1768E7928F1} = {BCB6446B-20DF-4CD1-8525-E3A8BA7FC846}
		{DBB062AB-F786-4195-AC11-4AD2FDA03420} = {009F5E0B-9084-425B-AE6D-F1E91D717EE2}
		{6C83AF05-4E70-4970-BA3D-EF56B1AAA8FA} = {BCB6446B-20DF-4CD1-8525-E3A8BA7FC846}
	EndGlobalSection
EndGlobal
