
Microsoft Visual Studio Solution File, Format Version 12.00
# Visual Studio 14
VisualStudioVersion = 14.0.25420.1
MinimumVisualStudioVersion = 10.0.40219.1
Project("{FAE04EC0-301F-11D3-BF4B-00C04F79EFBC}") = "GetREST_data", "GetREST_data\GetREST_data.csproj", "{5047CD15-79EB-49BC-9608-AFEF874A89CE}"
	ProjectSection(ProjectDependencies) = postProject
		{73064508-B7E6-42C1-9193-8BFDEFE8533F} = {73064508-B7E6-42C1-9193-8BFDEFE8533F}
	EndProjectSection
EndProject
Project("{2150E333-8FDC-42A3-9474-1A3956D46DE8}") = "DataAccessLayer", "DataAccessLayer", "{3598E082-D708-44DA-88D7-C4506D65454C}"
EndProject
Project("{2150E333-8FDC-42A3-9474-1A3956D46DE8}") = "SourceRepositoryDataOrg", "SourceRepositoryDataOrg", "{0A1BF948-569A-4A23-A2D8-D1F02DC3BECD}"
EndProject
Project("{FAE04EC0-301F-11D3-BF4B-00C04F79EFBC}") = "FootballDataSource", "FootballDataSource\FootballDataSource.csproj", "{C3E9BFF5-A35A-4CAB-9213-0AFF8FC10212}"
	ProjectSection(ProjectDependencies) = postProject
		{73064508-B7E6-42C1-9193-8BFDEFE8533F} = {73064508-B7E6-42C1-9193-8BFDEFE8533F}
	EndProjectSection
EndProject
Project("{2150E333-8FDC-42A3-9474-1A3956D46DE8}") = "RepositoryModels", "RepositoryModels", "{8CC3464F-290D-4443-9720-859BE5331969}"
EndProject
Project("{2150E333-8FDC-42A3-9474-1A3956D46DE8}") = "EF", "EF", "{D20F3074-040C-4262-A516-4CA02EED6BD3}"
EndProject
Project("{FAE04EC0-301F-11D3-BF4B-00C04F79EFBC}") = "ModelLibrary", "ModelLibrary\ModelLibrary.csproj", "{02644642-CD1B-47D5-AF91-357197639778}"
EndProject
Project("{FAE04EC0-301F-11D3-BF4B-00C04F79EFBC}") = "DAL_EF", "DAL_EF\DAL_EF.csproj", "{B8BBBFB2-706B-49B5-8F8B-ACA92472BACB}"
EndProject
Project("{2150E333-8FDC-42A3-9474-1A3956D46DE8}") = "ServiceLayer", "ServiceLayer", "{21FFED0D-D88F-4053-97B1-25DE8D955CEB}"
EndProject
Project("{FAE04EC0-301F-11D3-BF4B-00C04F79EFBC}") = "FootballService", "FootballService\FootballService.csproj", "{73064508-B7E6-42C1-9193-8BFDEFE8533F}"
EndProject
Global
	GlobalSection(SolutionConfigurationPlatforms) = preSolution
		Debug|Any CPU = Debug|Any CPU
		Release|Any CPU = Release|Any CPU
	EndGlobalSection
	GlobalSection(ProjectConfigurationPlatforms) = postSolution
		{5047CD15-79EB-49BC-9608-AFEF874A89CE}.Debug|Any CPU.ActiveCfg = Debug|Any CPU
		{5047CD15-79EB-49BC-9608-AFEF874A89CE}.Debug|Any CPU.Build.0 = Debug|Any CPU
		{5047CD15-79EB-49BC-9608-AFEF874A89CE}.Release|Any CPU.ActiveCfg = Release|Any CPU
		{5047CD15-79EB-49BC-9608-AFEF874A89CE}.Release|Any CPU.Build.0 = Release|Any CPU
		{C3E9BFF5-A35A-4CAB-9213-0AFF8FC10212}.Debug|Any CPU.ActiveCfg = Debug|Any CPU
		{C3E9BFF5-A35A-4CAB-9213-0AFF8FC10212}.Debug|Any CPU.Build.0 = Debug|Any CPU
		{C3E9BFF5-A35A-4CAB-9213-0AFF8FC10212}.Release|Any CPU.ActiveCfg = Release|Any CPU
		{C3E9BFF5-A35A-4CAB-9213-0AFF8FC10212}.Release|Any CPU.Build.0 = Release|Any CPU
		{02644642-CD1B-47D5-AF91-357197639778}.Debug|Any CPU.ActiveCfg = Debug|Any CPU
		{02644642-CD1B-47D5-AF91-357197639778}.Debug|Any CPU.Build.0 = Debug|Any CPU
		{02644642-CD1B-47D5-AF91-357197639778}.Release|Any CPU.ActiveCfg = Release|Any CPU
		{02644642-CD1B-47D5-AF91-357197639778}.Release|Any CPU.Build.0 = Release|Any CPU
		{B8BBBFB2-706B-49B5-8F8B-ACA92472BACB}.Debug|Any CPU.ActiveCfg = Debug|Any CPU
		{B8BBBFB2-706B-49B5-8F8B-ACA92472BACB}.Debug|Any CPU.Build.0 = Debug|Any CPU
		{B8BBBFB2-706B-49B5-8F8B-ACA92472BACB}.Release|Any CPU.ActiveCfg = Release|Any CPU
		{B8BBBFB2-706B-49B5-8F8B-ACA92472BACB}.Release|Any CPU.Build.0 = Release|Any CPU
		{73064508-B7E6-42C1-9193-8BFDEFE8533F}.Debug|Any CPU.ActiveCfg = Debug|Any CPU
		{73064508-B7E6-42C1-9193-8BFDEFE8533F}.Debug|Any CPU.Build.0 = Debug|Any CPU
		{73064508-B7E6-42C1-9193-8BFDEFE8533F}.Release|Any CPU.ActiveCfg = Release|Any CPU
		{73064508-B7E6-42C1-9193-8BFDEFE8533F}.Release|Any CPU.Build.0 = Release|Any CPU
	EndGlobalSection
	GlobalSection(SolutionProperties) = preSolution
		HideSolutionNode = FALSE
	EndGlobalSection
	GlobalSection(NestedProjects) = preSolution
		{0A1BF948-569A-4A23-A2D8-D1F02DC3BECD} = {3598E082-D708-44DA-88D7-C4506D65454C}
		{C3E9BFF5-A35A-4CAB-9213-0AFF8FC10212} = {0A1BF948-569A-4A23-A2D8-D1F02DC3BECD}
		{8CC3464F-290D-4443-9720-859BE5331969} = {3598E082-D708-44DA-88D7-C4506D65454C}
		{D20F3074-040C-4262-A516-4CA02EED6BD3} = {3598E082-D708-44DA-88D7-C4506D65454C}
		{02644642-CD1B-47D5-AF91-357197639778} = {8CC3464F-290D-4443-9720-859BE5331969}
		{B8BBBFB2-706B-49B5-8F8B-ACA92472BACB} = {D20F3074-040C-4262-A516-4CA02EED6BD3}
		{73064508-B7E6-42C1-9193-8BFDEFE8533F} = {21FFED0D-D88F-4053-97B1-25DE8D955CEB}
	EndGlobalSection
EndGlobal
