
Microsoft Visual Studio Solution File, Format Version 12.00
# Visual Studio 14
VisualStudioVersion = 14.0.25420.1
MinimumVisualStudioVersion = 10.0.40219.1
Project("{FAE04EC0-301F-11D3-BF4B-00C04F79EFBC}") = "GetREST_data", "GetREST_data\GetREST_data.csproj", "{5047CD15-79EB-49BC-9608-AFEF874A89CE}"
EndProject
Project("{2150E333-8FDC-42A3-9474-1A3956D46DE8}") = "DataAccessLayer", "DataAccessLayer", "{3598E082-D708-44DA-88D7-C4506D65454C}"
EndProject
Project("{2150E333-8FDC-42A3-9474-1A3956D46DE8}") = "SourceRepositoryDataOrg", "SourceRepositoryDataOrg", "{0A1BF948-569A-4A23-A2D8-D1F02DC3BECD}"
EndProject
Project("{FAE04EC0-301F-11D3-BF4B-00C04F79EFBC}") = "FootballDataSource", "FootballDataSource\FootballDataSource.csproj", "{C3E9BFF5-A35A-4CAB-9213-0AFF8FC10212}"
EndProject
Project("{2150E333-8FDC-42A3-9474-1A3956D46DE8}") = "Models", "Models", "{8CC3464F-290D-4443-9720-859BE5331969}"
EndProject
Project("{2150E333-8FDC-42A3-9474-1A3956D46DE8}") = "Models", "Models", "{E72F2E10-E5E9-498F-A1B6-DAE1AA542290}"
	ProjectSection(SolutionItems) = preProject
		Team.cs = Team.cs
		TeamModel.cs = TeamModel.cs
	EndProjectSection
EndProject
Project("{2150E333-8FDC-42A3-9474-1A3956D46DE8}") = "EF", "EF", "{D20F3074-040C-4262-A516-4CA02EED6BD3}"
EndProject
Global
	GlobalSection(SolutionConfigurationPlatforms) = preSolution
		Debug|Any CPU = Debug|Any CPU
		Release|Any CPU = Release|Any CPU
	EndGlobalSection
	GlobalSection(ProjectConfigurationPlatforms) = postSolution
		{5047CD15-79EB-49BC-9608-AFEF874A89CE}.Debug|Any CPU.ActiveCfg = Debug|Any CPU
		{5047CD15-79EB-49BC-9608-AFEF874A89CE}.Debug|Any CPU.Build.0 = Debug|Any CPU
		{5047CD15-79EB-49BC-9608-AFEF874A89CE}.Release|Any CPU.ActiveCfg = Release|Any CPU
		{5047CD15-79EB-49BC-9608-AFEF874A89CE}.Release|Any CPU.Build.0 = Release|Any CPU
		{C3E9BFF5-A35A-4CAB-9213-0AFF8FC10212}.Debug|Any CPU.ActiveCfg = Debug|Any CPU
		{C3E9BFF5-A35A-4CAB-9213-0AFF8FC10212}.Debug|Any CPU.Build.0 = Debug|Any CPU
		{C3E9BFF5-A35A-4CAB-9213-0AFF8FC10212}.Release|Any CPU.ActiveCfg = Release|Any CPU
		{C3E9BFF5-A35A-4CAB-9213-0AFF8FC10212}.Release|Any CPU.Build.0 = Release|Any CPU
	EndGlobalSection
	GlobalSection(SolutionProperties) = preSolution
		HideSolutionNode = FALSE
	EndGlobalSection
	GlobalSection(NestedProjects) = preSolution
		{0A1BF948-569A-4A23-A2D8-D1F02DC3BECD} = {3598E082-D708-44DA-88D7-C4506D65454C}
		{C3E9BFF5-A35A-4CAB-9213-0AFF8FC10212} = {0A1BF948-569A-4A23-A2D8-D1F02DC3BECD}
		{8CC3464F-290D-4443-9720-859BE5331969} = {3598E082-D708-44DA-88D7-C4506D65454C}
		{E72F2E10-E5E9-498F-A1B6-DAE1AA542290} = {0A1BF948-569A-4A23-A2D8-D1F02DC3BECD}
		{D20F3074-040C-4262-A516-4CA02EED6BD3} = {3598E082-D708-44DA-88D7-C4506D65454C}
	EndGlobalSection
EndGlobal
